// !$*UTF8*$!
{
	archiveVersion = 1;
	classes = {
	};
	objectVersion = 56;
	objects = {

/* Begin PBXBuildFile section */
		3739386E2C369F99000A7D67 /* Geofencing.swift in Sources */ = {isa = PBXBuildFile; fileRef = 3739386D2C369F99000A7D67 /* Geofencing.swift */; };
		373938702C369FAE000A7D67 /* GeoContent.swift in Sources */ = {isa = PBXBuildFile; fileRef = 3739386F2C369FAE000A7D67 /* GeoContent.swift */; };
		373938722C369FCB000A7D67 /* WriteContentView.swift in Sources */ = {isa = PBXBuildFile; fileRef = 373938712C369FCB000A7D67 /* WriteContentView.swift */; };
		373938742C36A5F2000A7D67 /* MyPageView.swift in Sources */ = {isa = PBXBuildFile; fileRef = 373938732C36A5F2000A7D67 /* MyPageView.swift */; };
		373938782C36B56B000A7D67 /* Memory.swift in Sources */ = {isa = PBXBuildFile; fileRef = 373938772C36B56B000A7D67 /* Memory.swift */; };
		3739387A2C36BC46000A7D67 /* MemoryDetailView.swift in Sources */ = {isa = PBXBuildFile; fileRef = 373938792C36BC46000A7D67 /* MemoryDetailView.swift */; };
		37CD112A2C36D24A00558736 /* LocationManager.swift in Sources */ = {isa = PBXBuildFile; fileRef = 37CD11292C36D24A00558736 /* LocationManager.swift */; };
		9F75969F2C36AC0C00B2E0DE /* PictureView.swift in Sources */ = {isa = PBXBuildFile; fileRef = 9F75969E2C36AC0C00B2E0DE /* PictureView.swift */; };
		9F9115232C36A45C003C595F /* IntroView.swift in Sources */ = {isa = PBXBuildFile; fileRef = 9F9115222C36A45C003C595F /* IntroView.swift */; };
		9F9115252C36A550003C595F /* AlarmView.swift in Sources */ = {isa = PBXBuildFile; fileRef = 9F9115242C36A550003C595F /* AlarmView.swift */; };
		9FAFC5E32C367303007C59E3 /* FrontendApp.swift in Sources */ = {isa = PBXBuildFile; fileRef = 9FAFC5E22C367303007C59E3 /* FrontendApp.swift */; };
		9FAFC5E52C367303007C59E3 /* ContentView.swift in Sources */ = {isa = PBXBuildFile; fileRef = 9FAFC5E42C367303007C59E3 /* ContentView.swift */; };
		9FAFC5E72C367304007C59E3 /* Assets.xcassets in Resources */ = {isa = PBXBuildFile; fileRef = 9FAFC5E62C367304007C59E3 /* Assets.xcassets */; };
		9FAFC5EA2C367304007C59E3 /* Preview Assets.xcassets in Resources */ = {isa = PBXBuildFile; fileRef = 9FAFC5E92C367304007C59E3 /* Preview Assets.xcassets */; };
		9FAFC5F22C367585007C59E3 /* ColorExtentsion.swift in Sources */ = {isa = PBXBuildFile; fileRef = 9FAFC5F12C367585007C59E3 /* ColorExtentsion.swift */; };
		9FAFC5F42C367703007C59E3 /* LoginView.swift in Sources */ = {isa = PBXBuildFile; fileRef = 9FAFC5F32C367703007C59E3 /* LoginView.swift */; };
		9FAFC5F72C367837007C59E3 /* KakaoSDK in Frameworks */ = {isa = PBXBuildFile; productRef = 9FAFC5F62C367837007C59E3 /* KakaoSDK */; };
		9FAFC5F92C367837007C59E3 /* KakaoSDKAuth in Frameworks */ = {isa = PBXBuildFile; productRef = 9FAFC5F82C367837007C59E3 /* KakaoSDKAuth */; };
		9FAFC5FB2C367837007C59E3 /* KakaoSDKCert in Frameworks */ = {isa = PBXBuildFile; productRef = 9FAFC5FA2C367837007C59E3 /* KakaoSDKCert */; };
		9FAFC5FD2C367837007C59E3 /* KakaoSDKCertCore in Frameworks */ = {isa = PBXBuildFile; productRef = 9FAFC5FC2C367837007C59E3 /* KakaoSDKCertCore */; };
		9FAFC5FF2C367837007C59E3 /* KakaoSDKCommon in Frameworks */ = {isa = PBXBuildFile; productRef = 9FAFC5FE2C367837007C59E3 /* KakaoSDKCommon */; };
		9FAFC6012C367837007C59E3 /* KakaoSDKFriend in Frameworks */ = {isa = PBXBuildFile; productRef = 9FAFC6002C367837007C59E3 /* KakaoSDKFriend */; };
		9FAFC6032C367837007C59E3 /* KakaoSDKFriendCore in Frameworks */ = {isa = PBXBuildFile; productRef = 9FAFC6022C367837007C59E3 /* KakaoSDKFriendCore */; };
		9FAFC6052C367837007C59E3 /* KakaoSDKNavi in Frameworks */ = {isa = PBXBuildFile; productRef = 9FAFC6042C367837007C59E3 /* KakaoSDKNavi */; };
		9FAFC6072C367837007C59E3 /* KakaoSDKShare in Frameworks */ = {isa = PBXBuildFile; productRef = 9FAFC6062C367837007C59E3 /* KakaoSDKShare */; };
		9FAFC6092C367837007C59E3 /* KakaoSDKTalk in Frameworks */ = {isa = PBXBuildFile; productRef = 9FAFC6082C367837007C59E3 /* KakaoSDKTalk */; };
		9FAFC60B2C367837007C59E3 /* KakaoSDKTemplate in Frameworks */ = {isa = PBXBuildFile; productRef = 9FAFC60A2C367837007C59E3 /* KakaoSDKTemplate */; };
		9FAFC60D2C367837007C59E3 /* KakaoSDKUser in Frameworks */ = {isa = PBXBuildFile; productRef = 9FAFC60C2C367837007C59E3 /* KakaoSDKUser */; };
		9FAFC6102C367B4D007C59E3 /* MyAppDelegate.swift in Sources */ = {isa = PBXBuildFile; fileRef = 9FAFC60F2C367B4D007C59E3 /* MyAppDelegate.swift */; };
		9FE76C6C2C36853800B26714 /* MainView.swift in Sources */ = {isa = PBXBuildFile; fileRef = 9FE76C6B2C36853800B26714 /* MainView.swift */; };
/* End PBXBuildFile section */

/* Begin PBXFileReference section */
		3739386D2C369F99000A7D67 /* Geofencing.swift */ = {isa = PBXFileReference; lastKnownFileType = sourcecode.swift; path = Geofencing.swift; sourceTree = "<group>"; };
		3739386F2C369FAE000A7D67 /* GeoContent.swift */ = {isa = PBXFileReference; lastKnownFileType = sourcecode.swift; path = GeoContent.swift; sourceTree = "<group>"; };
		373938712C369FCB000A7D67 /* WriteContentView.swift */ = {isa = PBXFileReference; lastKnownFileType = sourcecode.swift; path = WriteContentView.swift; sourceTree = "<group>"; };
		373938732C36A5F2000A7D67 /* MyPageView.swift */ = {isa = PBXFileReference; lastKnownFileType = sourcecode.swift; path = MyPageView.swift; sourceTree = "<group>"; };
		373938772C36B56B000A7D67 /* Memory.swift */ = {isa = PBXFileReference; lastKnownFileType = sourcecode.swift; path = Memory.swift; sourceTree = "<group>"; };
		373938792C36BC46000A7D67 /* MemoryDetailView.swift */ = {isa = PBXFileReference; lastKnownFileType = sourcecode.swift; path = MemoryDetailView.swift; sourceTree = "<group>"; };
		37CD11292C36D24A00558736 /* LocationManager.swift */ = {isa = PBXFileReference; lastKnownFileType = sourcecode.swift; path = LocationManager.swift; sourceTree = "<group>"; };
		9F75969E2C36AC0C00B2E0DE /* PictureView.swift */ = {isa = PBXFileReference; lastKnownFileType = sourcecode.swift; path = PictureView.swift; sourceTree = "<group>"; };
		9F9115222C36A45C003C595F /* IntroView.swift */ = {isa = PBXFileReference; lastKnownFileType = sourcecode.swift; path = IntroView.swift; sourceTree = "<group>"; };
		9F9115242C36A550003C595F /* AlarmView.swift */ = {isa = PBXFileReference; lastKnownFileType = sourcecode.swift; path = AlarmView.swift; sourceTree = "<group>"; };
		9FAFC5DF2C367303007C59E3 /* Frontend.app */ = {isa = PBXFileReference; explicitFileType = wrapper.application; includeInIndex = 0; path = Frontend.app; sourceTree = BUILT_PRODUCTS_DIR; };
		9FAFC5E22C367303007C59E3 /* FrontendApp.swift */ = {isa = PBXFileReference; lastKnownFileType = sourcecode.swift; path = FrontendApp.swift; sourceTree = "<group>"; };
		9FAFC5E42C367303007C59E3 /* ContentView.swift */ = {isa = PBXFileReference; lastKnownFileType = sourcecode.swift; path = ContentView.swift; sourceTree = "<group>"; };
		9FAFC5E62C367304007C59E3 /* Assets.xcassets */ = {isa = PBXFileReference; lastKnownFileType = folder.assetcatalog; path = Assets.xcassets; sourceTree = "<group>"; };
		9FAFC5E92C367304007C59E3 /* Preview Assets.xcassets */ = {isa = PBXFileReference; lastKnownFileType = folder.assetcatalog; path = "Preview Assets.xcassets"; sourceTree = "<group>"; };
		9FAFC5F12C367585007C59E3 /* ColorExtentsion.swift */ = {isa = PBXFileReference; lastKnownFileType = sourcecode.swift; path = ColorExtentsion.swift; sourceTree = "<group>"; };
		9FAFC5F32C367703007C59E3 /* LoginView.swift */ = {isa = PBXFileReference; lastKnownFileType = sourcecode.swift; path = LoginView.swift; sourceTree = "<group>"; };
		9FAFC60E2C367943007C59E3 /* Info.plist */ = {isa = PBXFileReference; lastKnownFileType = text.plist; path = Info.plist; sourceTree = "<group>"; };
		9FAFC60F2C367B4D007C59E3 /* MyAppDelegate.swift */ = {isa = PBXFileReference; lastKnownFileType = sourcecode.swift; path = MyAppDelegate.swift; sourceTree = "<group>"; };
		9FE76C6B2C36853800B26714 /* MainView.swift */ = {isa = PBXFileReference; lastKnownFileType = sourcecode.swift; path = MainView.swift; sourceTree = "<group>"; };
/* End PBXFileReference section */

/* Begin PBXFrameworksBuildPhase section */
		9FAFC5DC2C367303007C59E3 /* Frameworks */ = {
			isa = PBXFrameworksBuildPhase;
			buildActionMask = 2147483647;
			files = (
				9FAFC6032C367837007C59E3 /* KakaoSDKFriendCore in Frameworks */,
				9FAFC5FD2C367837007C59E3 /* KakaoSDKCertCore in Frameworks */,
				9FAFC5FB2C367837007C59E3 /* KakaoSDKCert in Frameworks */,
				9FAFC60B2C367837007C59E3 /* KakaoSDKTemplate in Frameworks */,
				9FAFC6052C367837007C59E3 /* KakaoSDKNavi in Frameworks */,
				9FAFC5F72C367837007C59E3 /* KakaoSDK in Frameworks */,
				9FAFC5FF2C367837007C59E3 /* KakaoSDKCommon in Frameworks */,
				9FAFC5F92C367837007C59E3 /* KakaoSDKAuth in Frameworks */,
				9FAFC60D2C367837007C59E3 /* KakaoSDKUser in Frameworks */,
				9FAFC6092C367837007C59E3 /* KakaoSDKTalk in Frameworks */,
				9FAFC6012C367837007C59E3 /* KakaoSDKFriend in Frameworks */,
				9FAFC6072C367837007C59E3 /* KakaoSDKShare in Frameworks */,
			);
			runOnlyForDeploymentPostprocessing = 0;
		};
/* End PBXFrameworksBuildPhase section */

/* Begin PBXGroup section */
		9FAFC5D62C367303007C59E3 = {
			isa = PBXGroup;
			children = (
				9FAFC5E12C367303007C59E3 /* Frontend */,
				9FAFC5E02C367303007C59E3 /* Products */,
			);
			sourceTree = "<group>";
		};
		9FAFC5E02C367303007C59E3 /* Products */ = {
			isa = PBXGroup;
			children = (
				9FAFC5DF2C367303007C59E3 /* Frontend.app */,
			);
			name = Products;
			sourceTree = "<group>";
		};
		9FAFC5E12C367303007C59E3 /* Frontend */ = {
			isa = PBXGroup;
			children = (
				9FAFC60E2C367943007C59E3 /* Info.plist */,
				9FAFC5F12C367585007C59E3 /* ColorExtentsion.swift */,
				9FAFC5E22C367303007C59E3 /* FrontendApp.swift */,
				9FAFC5E42C367303007C59E3 /* ContentView.swift */,
				9F9115222C36A45C003C595F /* IntroView.swift */,
				9FAFC5F32C367703007C59E3 /* LoginView.swift */,
				9FAFC60F2C367B4D007C59E3 /* MyAppDelegate.swift */,
				9F9115242C36A550003C595F /* AlarmView.swift */,
				9F75969E2C36AC0C00B2E0DE /* PictureView.swift */,
				9FAFC5E62C367304007C59E3 /* Assets.xcassets */,
				9FAFC5E82C367304007C59E3 /* Preview Content */,
				9FE76C6B2C36853800B26714 /* MainView.swift */,
				373938772C36B56B000A7D67 /* Memory.swift */,
				373938732C36A5F2000A7D67 /* MyPageView.swift */,
				3739386D2C369F99000A7D67 /* Geofencing.swift */,
				3739386F2C369FAE000A7D67 /* GeoContent.swift */,
				373938712C369FCB000A7D67 /* WriteContentView.swift */,
				373938792C36BC46000A7D67 /* MemoryDetailView.swift */,
				37CD11292C36D24A00558736 /* LocationManager.swift */,
			);
			path = Frontend;
			sourceTree = "<group>";
		};
		9FAFC5E82C367304007C59E3 /* Preview Content */ = {
			isa = PBXGroup;
			children = (
				9FAFC5E92C367304007C59E3 /* Preview Assets.xcassets */,
			);
			path = "Preview Content";
			sourceTree = "<group>";
		};
/* End PBXGroup section */

/* Begin PBXNativeTarget section */
		9FAFC5DE2C367303007C59E3 /* Frontend */ = {
			isa = PBXNativeTarget;
			buildConfigurationList = 9FAFC5ED2C367304007C59E3 /* Build configuration list for PBXNativeTarget "Frontend" */;
			buildPhases = (
				9FAFC5DB2C367303007C59E3 /* Sources */,
				9FAFC5DC2C367303007C59E3 /* Frameworks */,
				9FAFC5DD2C367303007C59E3 /* Resources */,
			);
			buildRules = (
			);
			dependencies = (
			);
			name = Frontend;
			packageProductDependencies = (
				9FAFC5F62C367837007C59E3 /* KakaoSDK */,
				9FAFC5F82C367837007C59E3 /* KakaoSDKAuth */,
				9FAFC5FA2C367837007C59E3 /* KakaoSDKCert */,
				9FAFC5FC2C367837007C59E3 /* KakaoSDKCertCore */,
				9FAFC5FE2C367837007C59E3 /* KakaoSDKCommon */,
				9FAFC6002C367837007C59E3 /* KakaoSDKFriend */,
				9FAFC6022C367837007C59E3 /* KakaoSDKFriendCore */,
				9FAFC6042C367837007C59E3 /* KakaoSDKNavi */,
				9FAFC6062C367837007C59E3 /* KakaoSDKShare */,
				9FAFC6082C367837007C59E3 /* KakaoSDKTalk */,
				9FAFC60A2C367837007C59E3 /* KakaoSDKTemplate */,
				9FAFC60C2C367837007C59E3 /* KakaoSDKUser */,
			);
			productName = Frontend;
			productReference = 9FAFC5DF2C367303007C59E3 /* Frontend.app */;
			productType = "com.apple.product-type.application";
		};
/* End PBXNativeTarget section */

/* Begin PBXProject section */
		9FAFC5D72C367303007C59E3 /* Project object */ = {
			isa = PBXProject;
			attributes = {
				BuildIndependentTargetsInParallel = 1;
				LastSwiftUpdateCheck = 1540;
				LastUpgradeCheck = 1540;
				TargetAttributes = {
					9FAFC5DE2C367303007C59E3 = {
						CreatedOnToolsVersion = 15.4;
					};
				};
			};
			buildConfigurationList = 9FAFC5DA2C367303007C59E3 /* Build configuration list for PBXProject "Frontend" */;
			compatibilityVersion = "Xcode 14.0";
			developmentRegion = en;
			hasScannedForEncodings = 0;
			knownRegions = (
				en,
				Base,
			);
			mainGroup = 9FAFC5D62C367303007C59E3;
			packageReferences = (
				9FAFC5F52C367837007C59E3 /* XCRemoteSwiftPackageReference "kakao-ios-sdk" */,
			);
			productRefGroup = 9FAFC5E02C367303007C59E3 /* Products */;
			projectDirPath = "";
			projectRoot = "";
			targets = (
				9FAFC5DE2C367303007C59E3 /* Frontend */,
			);
		};
/* End PBXProject section */

/* Begin PBXResourcesBuildPhase section */
		9FAFC5DD2C367303007C59E3 /* Resources */ = {
			isa = PBXResourcesBuildPhase;
			buildActionMask = 2147483647;
			files = (
				9FAFC5EA2C367304007C59E3 /* Preview Assets.xcassets in Resources */,
				9FAFC5E72C367304007C59E3 /* Assets.xcassets in Resources */,
			);
			runOnlyForDeploymentPostprocessing = 0;
		};
/* End PBXResourcesBuildPhase section */

/* Begin PBXSourcesBuildPhase section */
		9FAFC5DB2C367303007C59E3 /* Sources */ = {
			isa = PBXSourcesBuildPhase;
			buildActionMask = 2147483647;
			files = (
				9FAFC5E52C367303007C59E3 /* ContentView.swift in Sources */,
				373938702C369FAE000A7D67 /* GeoContent.swift in Sources */,
				9FE76C6C2C36853800B26714 /* MainView.swift in Sources */,
				9F75969F2C36AC0C00B2E0DE /* PictureView.swift in Sources */,
				37CD112A2C36D24A00558736 /* LocationManager.swift in Sources */,
				3739386E2C369F99000A7D67 /* Geofencing.swift in Sources */,
				373938722C369FCB000A7D67 /* WriteContentView.swift in Sources */,
				9FAFC5E32C367303007C59E3 /* FrontendApp.swift in Sources */,
				3739387A2C36BC46000A7D67 /* MemoryDetailView.swift in Sources */,
				9FAFC6102C367B4D007C59E3 /* MyAppDelegate.swift in Sources */,
				373938742C36A5F2000A7D67 /* MyPageView.swift in Sources */,
				9F9115252C36A550003C595F /* AlarmView.swift in Sources */,
				9F9115232C36A45C003C595F /* IntroView.swift in Sources */,
				373938782C36B56B000A7D67 /* Memory.swift in Sources */,
				9FAFC5F42C367703007C59E3 /* LoginView.swift in Sources */,
				9FAFC5F22C367585007C59E3 /* ColorExtentsion.swift in Sources */,
			);
			runOnlyForDeploymentPostprocessing = 0;
		};
/* End PBXSourcesBuildPhase section */

/* Begin XCBuildConfiguration section */
		9FAFC5EB2C367304007C59E3 /* Debug */ = {
			isa = XCBuildConfiguration;
			buildSettings = {
				ALWAYS_SEARCH_USER_PATHS = NO;
				ASSETCATALOG_COMPILER_GENERATE_SWIFT_ASSET_SYMBOL_EXTENSIONS = YES;
				CLANG_ANALYZER_NONNULL = YES;
				CLANG_ANALYZER_NUMBER_OBJECT_CONVERSION = YES_AGGRESSIVE;
				CLANG_CXX_LANGUAGE_STANDARD = "gnu++20";
				CLANG_ENABLE_MODULES = YES;
				CLANG_ENABLE_OBJC_ARC = YES;
				CLANG_ENABLE_OBJC_WEAK = YES;
				CLANG_WARN_BLOCK_CAPTURE_AUTORELEASING = YES;
				CLANG_WARN_BOOL_CONVERSION = YES;
				CLANG_WARN_COMMA = YES;
				CLANG_WARN_CONSTANT_CONVERSION = YES;
				CLANG_WARN_DEPRECATED_OBJC_IMPLEMENTATIONS = YES;
				CLANG_WARN_DIRECT_OBJC_ISA_USAGE = YES_ERROR;
				CLANG_WARN_DOCUMENTATION_COMMENTS = YES;
				CLANG_WARN_EMPTY_BODY = YES;
				CLANG_WARN_ENUM_CONVERSION = YES;
				CLANG_WARN_INFINITE_RECURSION = YES;
				CLANG_WARN_INT_CONVERSION = YES;
				CLANG_WARN_NON_LITERAL_NULL_CONVERSION = YES;
				CLANG_WARN_OBJC_IMPLICIT_RETAIN_SELF = YES;
				CLANG_WARN_OBJC_LITERAL_CONVERSION = YES;
				CLANG_WARN_OBJC_ROOT_CLASS = YES_ERROR;
				CLANG_WARN_QUOTED_INCLUDE_IN_FRAMEWORK_HEADER = YES;
				CLANG_WARN_RANGE_LOOP_ANALYSIS = YES;
				CLANG_WARN_STRICT_PROTOTYPES = YES;
				CLANG_WARN_SUSPICIOUS_MOVE = YES;
				CLANG_WARN_UNGUARDED_AVAILABILITY = YES_AGGRESSIVE;
				CLANG_WARN_UNREACHABLE_CODE = YES;
				CLANG_WARN__DUPLICATE_METHOD_MATCH = YES;
				COPY_PHASE_STRIP = NO;
				DEBUG_INFORMATION_FORMAT = dwarf;
				ENABLE_STRICT_OBJC_MSGSEND = YES;
				ENABLE_TESTABILITY = YES;
				ENABLE_USER_SCRIPT_SANDBOXING = YES;
				GCC_C_LANGUAGE_STANDARD = gnu17;
				GCC_DYNAMIC_NO_PIC = NO;
				GCC_NO_COMMON_BLOCKS = YES;
				GCC_OPTIMIZATION_LEVEL = 0;
				GCC_PREPROCESSOR_DEFINITIONS = (
					"DEBUG=1",
					"$(inherited)",
				);
				GCC_WARN_64_TO_32_BIT_CONVERSION = YES;
				GCC_WARN_ABOUT_RETURN_TYPE = YES_ERROR;
				GCC_WARN_UNDECLARED_SELECTOR = YES;
				GCC_WARN_UNINITIALIZED_AUTOS = YES_AGGRESSIVE;
				GCC_WARN_UNUSED_FUNCTION = YES;
				GCC_WARN_UNUSED_VARIABLE = YES;
				IPHONEOS_DEPLOYMENT_TARGET = 17.5;
				LOCALIZATION_PREFERS_STRING_CATALOGS = YES;
				MTL_ENABLE_DEBUG_INFO = INCLUDE_SOURCE;
				MTL_FAST_MATH = YES;
				ONLY_ACTIVE_ARCH = YES;
				SDKROOT = iphoneos;
				SWIFT_ACTIVE_COMPILATION_CONDITIONS = "DEBUG $(inherited)";
				SWIFT_OPTIMIZATION_LEVEL = "-Onone";
			};
			name = Debug;
		};
		9FAFC5EC2C367304007C59E3 /* Release */ = {
			isa = XCBuildConfiguration;
			buildSettings = {
				ALWAYS_SEARCH_USER_PATHS = NO;
				ASSETCATALOG_COMPILER_GENERATE_SWIFT_ASSET_SYMBOL_EXTENSIONS = YES;
				CLANG_ANALYZER_NONNULL = YES;
				CLANG_ANALYZER_NUMBER_OBJECT_CONVERSION = YES_AGGRESSIVE;
				CLANG_CXX_LANGUAGE_STANDARD = "gnu++20";
				CLANG_ENABLE_MODULES = YES;
				CLANG_ENABLE_OBJC_ARC = YES;
				CLANG_ENABLE_OBJC_WEAK = YES;
				CLANG_WARN_BLOCK_CAPTURE_AUTORELEASING = YES;
				CLANG_WARN_BOOL_CONVERSION = YES;
				CLANG_WARN_COMMA = YES;
				CLANG_WARN_CONSTANT_CONVERSION = YES;
				CLANG_WARN_DEPRECATED_OBJC_IMPLEMENTATIONS = YES;
				CLANG_WARN_DIRECT_OBJC_ISA_USAGE = YES_ERROR;
				CLANG_WARN_DOCUMENTATION_COMMENTS = YES;
				CLANG_WARN_EMPTY_BODY = YES;
				CLANG_WARN_ENUM_CONVERSION = YES;
				CLANG_WARN_INFINITE_RECURSION = YES;
				CLANG_WARN_INT_CONVERSION = YES;
				CLANG_WARN_NON_LITERAL_NULL_CONVERSION = YES;
				CLANG_WARN_OBJC_IMPLICIT_RETAIN_SELF = YES;
				CLANG_WARN_OBJC_LITERAL_CONVERSION = YES;
				CLANG_WARN_OBJC_ROOT_CLASS = YES_ERROR;
				CLANG_WARN_QUOTED_INCLUDE_IN_FRAMEWORK_HEADER = YES;
				CLANG_WARN_RANGE_LOOP_ANALYSIS = YES;
				CLANG_WARN_STRICT_PROTOTYPES = YES;
				CLANG_WARN_SUSPICIOUS_MOVE = YES;
				CLANG_WARN_UNGUARDED_AVAILABILITY = YES_AGGRESSIVE;
				CLANG_WARN_UNREACHABLE_CODE = YES;
				CLANG_WARN__DUPLICATE_METHOD_MATCH = YES;
				COPY_PHASE_STRIP = NO;
				DEBUG_INFORMATION_FORMAT = "dwarf-with-dsym";
				ENABLE_NS_ASSERTIONS = NO;
				ENABLE_STRICT_OBJC_MSGSEND = YES;
				ENABLE_USER_SCRIPT_SANDBOXING = YES;
				GCC_C_LANGUAGE_STANDARD = gnu17;
				GCC_NO_COMMON_BLOCKS = YES;
				GCC_WARN_64_TO_32_BIT_CONVERSION = YES;
				GCC_WARN_ABOUT_RETURN_TYPE = YES_ERROR;
				GCC_WARN_UNDECLARED_SELECTOR = YES;
				GCC_WARN_UNINITIALIZED_AUTOS = YES_AGGRESSIVE;
				GCC_WARN_UNUSED_FUNCTION = YES;
				GCC_WARN_UNUSED_VARIABLE = YES;
				IPHONEOS_DEPLOYMENT_TARGET = 17.5;
				LOCALIZATION_PREFERS_STRING_CATALOGS = YES;
				MTL_ENABLE_DEBUG_INFO = NO;
				MTL_FAST_MATH = YES;
				SDKROOT = iphoneos;
				SWIFT_COMPILATION_MODE = wholemodule;
				VALIDATE_PRODUCT = YES;
			};
			name = Release;
		};
		9FAFC5EE2C367304007C59E3 /* Debug */ = {
			isa = XCBuildConfiguration;
			buildSettings = {
				ASSETCATALOG_COMPILER_APPICON_NAME = AppIcon;
				ASSETCATALOG_COMPILER_GLOBAL_ACCENT_COLOR_NAME = AccentColor;
				CODE_SIGN_STYLE = Automatic;
				CURRENT_PROJECT_VERSION = 1;
				DEVELOPMENT_ASSET_PATHS = "\"Frontend/Preview Content\"";
				ENABLE_PREVIEWS = YES;
				GENERATE_INFOPLIST_FILE = YES;
				INFOPLIST_FILE = Frontend/Info.plist;
				INFOPLIST_KEY_UIApplicationSceneManifest_Generation = YES;
				INFOPLIST_KEY_UIApplicationSupportsIndirectInputEvents = YES;
				INFOPLIST_KEY_UILaunchScreen_Generation = YES;
				INFOPLIST_KEY_UISupportedInterfaceOrientations_iPad = "UIInterfaceOrientationPortrait UIInterfaceOrientationPortraitUpsideDown UIInterfaceOrientationLandscapeLeft UIInterfaceOrientationLandscapeRight";
				INFOPLIST_KEY_UISupportedInterfaceOrientations_iPhone = "UIInterfaceOrientationPortrait UIInterfaceOrientationLandscapeLeft UIInterfaceOrientationLandscapeRight";
				IPHONEOS_DEPLOYMENT_TARGET = 17.0;
				LD_RUNPATH_SEARCH_PATHS = (
					"$(inherited)",
					"@executable_path/Frameworks",
				);
				MARKETING_VERSION = 1.0;
				PRODUCT_BUNDLE_IDENTIFIER = net.cherrypop.Frontend;
				PRODUCT_NAME = "$(TARGET_NAME)";
				SWIFT_EMIT_LOC_STRINGS = YES;
				SWIFT_VERSION = 5.0;
				TARGETED_DEVICE_FAMILY = "1,2";
			};
			name = Debug;
		};
		9FAFC5EF2C367304007C59E3 /* Release */ = {
			isa = XCBuildConfiguration;
			buildSettings = {
				ASSETCATALOG_COMPILER_APPICON_NAME = AppIcon;
				ASSETCATALOG_COMPILER_GLOBAL_ACCENT_COLOR_NAME = AccentColor;
				CODE_SIGN_STYLE = Automatic;
				CURRENT_PROJECT_VERSION = 1;
				DEVELOPMENT_ASSET_PATHS = "\"Frontend/Preview Content\"";
				ENABLE_PREVIEWS = YES;
				GENERATE_INFOPLIST_FILE = YES;
				INFOPLIST_FILE = Frontend/Info.plist;
				INFOPLIST_KEY_UIApplicationSceneManifest_Generation = YES;
				INFOPLIST_KEY_UIApplicationSupportsIndirectInputEvents = YES;
				INFOPLIST_KEY_UILaunchScreen_Generation = YES;
				INFOPLIST_KEY_UISupportedInterfaceOrientations_iPad = "UIInterfaceOrientationPortrait UIInterfaceOrientationPortraitUpsideDown UIInterfaceOrientationLandscapeLeft UIInterfaceOrientationLandscapeRight";
				INFOPLIST_KEY_UISupportedInterfaceOrientations_iPhone = "UIInterfaceOrientationPortrait UIInterfaceOrientationLandscapeLeft UIInterfaceOrientationLandscapeRight";
				IPHONEOS_DEPLOYMENT_TARGET = 17.0;
				LD_RUNPATH_SEARCH_PATHS = (
					"$(inherited)",
					"@executable_path/Frameworks",
				);
				MARKETING_VERSION = 1.0;
				PRODUCT_BUNDLE_IDENTIFIER = net.cherrypop.Frontend;
				PRODUCT_NAME = "$(TARGET_NAME)";
				SWIFT_EMIT_LOC_STRINGS = YES;
				SWIFT_VERSION = 5.0;
				TARGETED_DEVICE_FAMILY = "1,2";
			};
			name = Release;
		};
/* End XCBuildConfiguration section */

/* Begin XCConfigurationList section */
		9FAFC5DA2C367303007C59E3 /* Build configuration list for PBXProject "Frontend" */ = {
			isa = XCConfigurationList;
			buildConfigurations = (
				9FAFC5EB2C367304007C59E3 /* Debug */,
				9FAFC5EC2C367304007C59E3 /* Release */,
			);
			defaultConfigurationIsVisible = 0;
			defaultConfigurationName = Release;
		};
		9FAFC5ED2C367304007C59E3 /* Build configuration list for PBXNativeTarget "Frontend" */ = {
			isa = XCConfigurationList;
			buildConfigurations = (
				9FAFC5EE2C367304007C59E3 /* Debug */,
				9FAFC5EF2C367304007C59E3 /* Release */,
			);
			defaultConfigurationIsVisible = 0;
			defaultConfigurationName = Release;
		};
/* End XCConfigurationList section */

/* Begin XCRemoteSwiftPackageReference section */
		9FAFC5F52C367837007C59E3 /* XCRemoteSwiftPackageReference "kakao-ios-sdk" */ = {
			isa = XCRemoteSwiftPackageReference;
			repositoryURL = "https://github.com/kakao/kakao-ios-sdk";
			requirement = {
				kind = upToNextMajorVersion;
				minimumVersion = 2.22.3;
			};
		};
/* End XCRemoteSwiftPackageReference section */

/* Begin XCSwiftPackageProductDependency section */
		9FAFC5F62C367837007C59E3 /* KakaoSDK */ = {
			isa = XCSwiftPackageProductDependency;
			package = 9FAFC5F52C367837007C59E3 /* XCRemoteSwiftPackageReference "kakao-ios-sdk" */;
			productName = KakaoSDK;
		};
		9FAFC5F82C367837007C59E3 /* KakaoSDKAuth */ = {
			isa = XCSwiftPackageProductDependency;
			package = 9FAFC5F52C367837007C59E3 /* XCRemoteSwiftPackageReference "kakao-ios-sdk" */;
			productName = KakaoSDKAuth;
		};
		9FAFC5FA2C367837007C59E3 /* KakaoSDKCert */ = {
			isa = XCSwiftPackageProductDependency;
			package = 9FAFC5F52C367837007C59E3 /* XCRemoteSwiftPackageReference "kakao-ios-sdk" */;
			productName = KakaoSDKCert;
		};
		9FAFC5FC2C367837007C59E3 /* KakaoSDKCertCore */ = {
			isa = XCSwiftPackageProductDependency;
			package = 9FAFC5F52C367837007C59E3 /* XCRemoteSwiftPackageReference "kakao-ios-sdk" */;
			productName = KakaoSDKCertCore;
		};
		9FAFC5FE2C367837007C59E3 /* KakaoSDKCommon */ = {
			isa = XCSwiftPackageProductDependency;
			package = 9FAFC5F52C367837007C59E3 /* XCRemoteSwiftPackageReference "kakao-ios-sdk" */;
			productName = KakaoSDKCommon;
		};
		9FAFC6002C367837007C59E3 /* KakaoSDKFriend */ = {
			isa = XCSwiftPackageProductDependency;
			package = 9FAFC5F52C367837007C59E3 /* XCRemoteSwiftPackageReference "kakao-ios-sdk" */;
			productName = KakaoSDKFriend;
		};
		9FAFC6022C367837007C59E3 /* KakaoSDKFriendCore */ = {
			isa = XCSwiftPackageProductDependency;
			package = 9FAFC5F52C367837007C59E3 /* XCRemoteSwiftPackageReference "kakao-ios-sdk" */;
			productName = KakaoSDKFriendCore;
		};
		9FAFC6042C367837007C59E3 /* KakaoSDKNavi */ = {
			isa = XCSwiftPackageProductDependency;
			package = 9FAFC5F52C367837007C59E3 /* XCRemoteSwiftPackageReference "kakao-ios-sdk" */;
			productName = KakaoSDKNavi;
		};
		9FAFC6062C367837007C59E3 /* KakaoSDKShare */ = {
			isa = XCSwiftPackageProductDependency;
			package = 9FAFC5F52C367837007C59E3 /* XCRemoteSwiftPackageReference "kakao-ios-sdk" */;
			productName = KakaoSDKShare;
		};
		9FAFC6082C367837007C59E3 /* KakaoSDKTalk */ = {
			isa = XCSwiftPackageProductDependency;
			package = 9FAFC5F52C367837007C59E3 /* XCRemoteSwiftPackageReference "kakao-ios-sdk" */;
			productName = KakaoSDKTalk;
		};
		9FAFC60A2C367837007C59E3 /* KakaoSDKTemplate */ = {
			isa = XCSwiftPackageProductDependency;
			package = 9FAFC5F52C367837007C59E3 /* XCRemoteSwiftPackageReference "kakao-ios-sdk" */;
			productName = KakaoSDKTemplate;
		};
		9FAFC60C2C367837007C59E3 /* KakaoSDKUser */ = {
			isa = XCSwiftPackageProductDependency;
			package = 9FAFC5F52C367837007C59E3 /* XCRemoteSwiftPackageReference "kakao-ios-sdk" */;
			productName = KakaoSDKUser;
		};
/* End XCSwiftPackageProductDependency section */
	};
	rootObject = 9FAFC5D72C367303007C59E3 /* Project object */;
}
